
Microsoft Visual Studio Solution File, Format Version 12.00
# Visual Studio Version 17
VisualStudioVersion = 17.6.33815.320
MinimumVisualStudioVersion = 10.0.40219.1
Project("{FAE04EC0-301F-11D3-BF4B-00C04F79EFBC}") = "WildRift.Telegram.Bot", "WildRift.Telegram.Bot.csproj", "{67F28A18-B992-46C2-B31B-8FBE6627FC52}"
EndProject
Global
	GlobalSection(SolutionConfigurationPlatforms) = preSolution
		Debug|Any CPU = Debug|Any CPU
		Release|Any CPU = Release|Any CPU
	EndGlobalSection
	GlobalSection(ProjectConfigurationPlatforms) = postSolution
		{67F28A18-B992-46C2-B31B-8FBE6627FC52}.Debug|Any CPU.ActiveCfg = Debug|Any CPU
		{67F28A18-B992-46C2-B31B-8FBE6627FC52}.Debug|Any CPU.Build.0 = Debug|Any CPU
		{67F28A18-B992-46C2-B31B-8FBE6627FC52}.Release|Any CPU.ActiveCfg = Release|Any CPU
		{67F28A18-B992-46C2-B31B-8FBE6627FC52}.Release|Any CPU.Build.0 = Release|Any CPU
	EndGlobalSection
	GlobalSection(SolutionProperties) = preSolution
		HideSolutionNode = FALSE
	EndGlobalSection
	GlobalSection(ExtensibilityGlobals) = postSolution
		SolutionGuid = {4428971C-677C-4A86-AD7E-A5342727345C}
	EndGlobalSection
EndGlobal
